Microsoft Visual Studio Solution File, Format Version 12.00
# Visual Studio Version 17
VisualStudioVersion = 17.5.2.0
MinimumVisualStudioVersion = 10.0.40219.1
Project("{FAE04EC0-301F-11D3-BF4B-00C04F79EFBC}") = "LangSaverApi", "LangSaverApi.csproj", "{D89EA746-3DD7-B9D6-7442-56E5EA9896C8}"
EndProject
Global
	GlobalSection(SolutionConfigurationPlatforms) = preSolution
		Debug|Any CPU = Debug|Any CPU
		Release|Any CPU = Release|Any CPU
	EndGlobalSection
	GlobalSection(ProjectConfigurationPlatforms) = postSolution
		{D89EA746-3DD7-B9D6-7442-56E5EA9896C8}.Debug|Any CPU.ActiveCfg = Debug|Any CPU
		{D89EA746-3DD7-B9D6-7442-56E5EA9896C8}.Debug|Any CPU.Build.0 = Debug|Any CPU
		{D89EA746-3DD7-B9D6-7442-56E5EA9896C8}.Release|Any CPU.ActiveCfg = Release|Any CPU
		{D89EA746-3DD7-B9D6-7442-56E5EA9896C8}.Release|Any CPU.Build.0 = Release|Any CPU
	EndGlobalSection
	GlobalSection(SolutionProperties) = preSolution
		HideSolutionNode = FALSE
	EndGlobalSection
	GlobalSection(ExtensibilityGlobals) = postSolution
		SolutionGuid = {D5D22774-03E6-4F7F-8516-A995D2FFA72A}
	EndGlobalSection
EndGlobal
